
Microsoft Visual Studio Solution File, Format Version 12.00
# Visual Studio Version 17
VisualStudioVersion = 17.3.32922.545
MinimumVisualStudioVersion = 10.0.40219.1
Project("{FAE04EC0-301F-11D3-BF4B-00C04F79EFBC}") = "Week6PermutationsAndCounting", "Week6PermutationsAndCounting.csproj", "{2D7CF541-90D9-4698-B5AA-E2A327CDC413}"
EndProject
Global
	GlobalSection(SolutionConfigurationPlatforms) = preSolution
		Debug|Any CPU = Debug|Any CPU
		Release|Any CPU = Release|Any CPU
	EndGlobalSection
	GlobalSection(ProjectConfigurationPlatforms) = postSolution
		{2D7CF541-90D9-4698-B5AA-E2A327CDC413}.Debug|Any CPU.ActiveCfg = Debug|Any CPU
		{2D7CF541-90D9-4698-B5AA-E2A327CDC413}.Debug|Any CPU.Build.0 = Debug|Any CPU
		{2D7CF541-90D9-4698-B5AA-E2A327CDC413}.Release|Any CPU.ActiveCfg = Release|Any CPU
		{2D7CF541-90D9-4698-B5AA-E2A327CDC413}.Release|Any CPU.Build.0 = Release|Any CPU
	EndGlobalSection
	GlobalSection(SolutionProperties) = preSolution
		HideSolutionNode = FALSE
	EndGlobalSection
	GlobalSection(ExtensibilityGlobals) = postSolution
		SolutionGuid = {CD8D9E3B-470F-4BCE-9A71-FBE78543F72A}
	EndGlobalSection
EndGlobal
